
Microsoft Visual Studio Solution File, Format Version 12.00
# Visual Studio 2013
VisualStudioVersion = 12.0.31101.0
MinimumVisualStudioVersion = 10.0.40219.1
Project("{FAE04EC0-301F-11D3-BF4B-00C04F79EFBC}") = "CertiPay.Payroll.Common", "CertiPay.Payroll.Common\CertiPay.Payroll.Common.csproj", "{5102B410-AFF2-4956-8D70-824071B83A8A}"
EndProject
Project("{2150E333-8FDC-42A3-9474-1A3956D46DE8}") = ".nuget", ".nuget", "{E997D0C8-601A-421F-81F6-4A8F2FDC73A2}"
	ProjectSection(SolutionItems) = preProject
		.nuget\NuGet.Config = .nuget\NuGet.Config
		.nuget\NuGet.exe = .nuget\NuGet.exe
		.nuget\NuGet.targets = .nuget\NuGet.targets
	EndProjectSection
EndProject
Project("{2150E333-8FDC-42A3-9474-1A3956D46DE8}") = "Build", "Build", "{4A32B394-A264-48E8-8497-2B4353E51ECB}"
	ProjectSection(SolutionItems) = preProject
		Build-Package.ps1 = Build-Package.ps1
		Build.ps1 = Build.ps1
		CertiPay.Payroll.Common.nuspec = CertiPay.Payroll.Common.nuspec
		LICENSE.md = LICENSE.md
		README.md = README.md
	EndProjectSection
EndProject
Global
	GlobalSection(SolutionConfigurationPlatforms) = preSolution
		Debug|Any CPU = Debug|Any CPU
		Release|Any CPU = Release|Any CPU
	EndGlobalSection
	GlobalSection(ProjectConfigurationPlatforms) = postSolution
		{5102B410-AFF2-4956-8D70-824071B83A8A}.Debug|Any CPU.ActiveCfg = Debug|Any CPU
		{5102B410-AFF2-4956-8D70-824071B83A8A}.Debug|Any CPU.Build.0 = Debug|Any CPU
		{5102B410-AFF2-4956-8D70-824071B83A8A}.Release|Any CPU.ActiveCfg = Release|Any CPU
		{5102B410-AFF2-4956-8D70-824071B83A8A}.Release|Any CPU.Build.0 = Release|Any CPU
	EndGlobalSection
	GlobalSection(SolutionProperties) = preSolution
		HideSolutionNode = FALSE
	EndGlobalSection
EndGlobal
